
Microsoft Visual Studio Solution File, Format Version 9.00
# Visual Studio 2005
Project("{8BC9CEB8-8B4A-11D0-8D11-00A0C91BC942}") = "Se955ScanDemo", "Se955ScanDemo\Se955ScanDemo.vcproj", "{225A3CBA-4AA8-453A-BDB2-E854D5D2240C}"
EndProject
Project("{8BC9CEB8-8B4A-11D0-8D11-00A0C91BC942}") = "Se955DLL", "..\Se955DLL\Se955DLL\Se955DLL.vcproj", "{164A24F7-A66E-472E-A58D-B72EDCAE4ABC}"
EndProject
Global
	GlobalSection(SolutionConfigurationPlatforms) = preSolution
		Debug|epcARM270LP (ARMV4I) = Debug|epcARM270LP (ARMV4I)
		Debug|HPC-3000 (ARMV4I) = Debug|HPC-3000 (ARMV4I)
		Debug|M3250FN64I (ARMV4I) = Debug|M3250FN64I (ARMV4I)
		Release|epcARM270LP (ARMV4I) = Release|epcARM270LP (ARMV4I)
		Release|HPC-3000 (ARMV4I) = Release|HPC-3000 (ARMV4I)
		Release|M3250FN64I (ARMV4I) = Release|M3250FN64I (ARMV4I)
	EndGlobalSection
	GlobalSection(ProjectConfigurationPlatforms) = postSolution
		{225A3CBA-4AA8-453A-BDB2-E854D5D2240C}.Debug|epcARM270LP (ARMV4I).ActiveCfg = Debug|epcARM270LP (ARMV4I)
		{225A3CBA-4AA8-453A-BDB2-E854D5D2240C}.Debug|epcARM270LP (ARMV4I).Build.0 = Debug|epcARM270LP (ARMV4I)
		{225A3CBA-4AA8-453A-BDB2-E854D5D2240C}.Debug|epcARM270LP (ARMV4I).Deploy.0 = Debug|epcARM270LP (ARMV4I)
		{225A3CBA-4AA8-453A-BDB2-E854D5D2240C}.Debug|HPC-3000 (ARMV4I).ActiveCfg = Debug|HPC-3000 (ARMV4I)
		{225A3CBA-4AA8-453A-BDB2-E854D5D2240C}.Debug|HPC-3000 (ARMV4I).Build.0 = Debug|HPC-3000 (ARMV4I)
		{225A3CBA-4AA8-453A-BDB2-E854D5D2240C}.Debug|HPC-3000 (ARMV4I).Deploy.0 = Debug|HPC-3000 (ARMV4I)
		{225A3CBA-4AA8-453A-BDB2-E854D5D2240C}.Debug|M3250FN64I (ARMV4I).ActiveCfg = Debug|M3250FN64I (ARMV4I)
		{225A3CBA-4AA8-453A-BDB2-E854D5D2240C}.Debug|M3250FN64I (ARMV4I).Build.0 = Debug|M3250FN64I (ARMV4I)
		{225A3CBA-4AA8-453A-BDB2-E854D5D2240C}.Debug|M3250FN64I (ARMV4I).Deploy.0 = Debug|M3250FN64I (ARMV4I)
		{225A3CBA-4AA8-453A-BDB2-E854D5D2240C}.Release|epcARM270LP (ARMV4I).ActiveCfg = Release|epcARM270LP (ARMV4I)
		{225A3CBA-4AA8-453A-BDB2-E854D5D2240C}.Release|epcARM270LP (ARMV4I).Build.0 = Release|epcARM270LP (ARMV4I)
		{225A3CBA-4AA8-453A-BDB2-E854D5D2240C}.Release|epcARM270LP (ARMV4I).Deploy.0 = Release|epcARM270LP (ARMV4I)
		{225A3CBA-4AA8-453A-BDB2-E854D5D2240C}.Release|HPC-3000 (ARMV4I).ActiveCfg = Release|HPC-3000 (ARMV4I)
		{225A3CBA-4AA8-453A-BDB2-E854D5D2240C}.Release|HPC-3000 (ARMV4I).Build.0 = Release|HPC-3000 (ARMV4I)
		{225A3CBA-4AA8-453A-BDB2-E854D5D2240C}.Release|HPC-3000 (ARMV4I).Deploy.0 = Release|HPC-3000 (ARMV4I)
		{225A3CBA-4AA8-453A-BDB2-E854D5D2240C}.Release|M3250FN64I (ARMV4I).ActiveCfg = Release|M3250FN64I (ARMV4I)
		{225A3CBA-4AA8-453A-BDB2-E854D5D2240C}.Release|M3250FN64I (ARMV4I).Build.0 = Release|M3250FN64I (ARMV4I)
		{225A3CBA-4AA8-453A-BDB2-E854D5D2240C}.Release|M3250FN64I (ARMV4I).Deploy.0 = Release|M3250FN64I (ARMV4I)
		{164A24F7-A66E-472E-A58D-B72EDCAE4ABC}.Debug|epcARM270LP (ARMV4I).ActiveCfg = Debug|epcARM270LP (ARMV4I)
		{164A24F7-A66E-472E-A58D-B72EDCAE4ABC}.Debug|epcARM270LP (ARMV4I).Build.0 = Debug|epcARM270LP (ARMV4I)
		{164A24F7-A66E-472E-A58D-B72EDCAE4ABC}.Debug|epcARM270LP (ARMV4I).Deploy.0 = Debug|epcARM270LP (ARMV4I)
		{164A24F7-A66E-472E-A58D-B72EDCAE4ABC}.Debug|HPC-3000 (ARMV4I).ActiveCfg = Debug|M3250FN64I (ARMV4I)
		{164A24F7-A66E-472E-A58D-B72EDCAE4ABC}.Debug|M3250FN64I (ARMV4I).ActiveCfg = Debug|M3250FN64I (ARMV4I)
		{164A24F7-A66E-472E-A58D-B72EDCAE4ABC}.Debug|M3250FN64I (ARMV4I).Build.0 = Debug|M3250FN64I (ARMV4I)
		{164A24F7-A66E-472E-A58D-B72EDCAE4ABC}.Debug|M3250FN64I (ARMV4I).Deploy.0 = Debug|M3250FN64I (ARMV4I)
		{164A24F7-A66E-472E-A58D-B72EDCAE4ABC}.Release|epcARM270LP (ARMV4I).ActiveCfg = Release|epcARM270LP (ARMV4I)
		{164A24F7-A66E-472E-A58D-B72EDCAE4ABC}.Release|epcARM270LP (ARMV4I).Build.0 = Release|epcARM270LP (ARMV4I)
		{164A24F7-A66E-472E-A58D-B72EDCAE4ABC}.Release|epcARM270LP (ARMV4I).Deploy.0 = Release|epcARM270LP (ARMV4I)
		{164A24F7-A66E-472E-A58D-B72EDCAE4ABC}.Release|HPC-3000 (ARMV4I).ActiveCfg = Release|M3250FN64I (ARMV4I)
		{164A24F7-A66E-472E-A58D-B72EDCAE4ABC}.Release|M3250FN64I (ARMV4I).ActiveCfg = Release|M3250FN64I (ARMV4I)
		{164A24F7-A66E-472E-A58D-B72EDCAE4ABC}.Release|M3250FN64I (ARMV4I).Build.0 = Release|M3250FN64I (ARMV4I)
		{164A24F7-A66E-472E-A58D-B72EDCAE4ABC}.Release|M3250FN64I (ARMV4I).Deploy.0 = Release|M3250FN64I (ARMV4I)
	EndGlobalSection
	GlobalSection(SolutionProperties) = preSolution
		HideSolutionNode = FALSE
	EndGlobalSection
EndGlobal
