
Microsoft Visual Studio Solution File, Format Version 9.00
# Visual Studio 2005
Project("{8BC9CEB8-8B4A-11D0-8D11-00A0C91BC942}") = "DLT645", "DLT645\DLT645.vcproj", "{D4D58F68-1C99-44BE-9745-465153E103EB}"
EndProject
Project("{8BC9CEB8-8B4A-11D0-8D11-00A0C91BC942}") = "DL-T645-DLL-DEMO", "DL-T645-DLL-DEMO\DL-T645-DLL-DEMO.vcproj", "{4F8A2812-B789-42AB-A374-B74D47C454E2}"
	ProjectSection(ProjectDependencies) = postProject
		{D4D58F68-1C99-44BE-9745-465153E103EB} = {D4D58F68-1C99-44BE-9745-465153E103EB}
	EndProjectSection
EndProject
Global
	GlobalSection(SolutionConfigurationPlatforms) = preSolution
		Debug|HPC-3000 (ARMV4I) = Debug|HPC-3000 (ARMV4I)
		Release|HPC-3000 (ARMV4I) = Release|HPC-3000 (ARMV4I)
	EndGlobalSection
	GlobalSection(ProjectConfigurationPlatforms) = postSolution
		{D4D58F68-1C99-44BE-9745-465153E103EB}.Debug|HPC-3000 (ARMV4I).ActiveCfg = Debug|HPC-3000 (ARMV4I)
		{D4D58F68-1C99-44BE-9745-465153E103EB}.Debug|HPC-3000 (ARMV4I).Build.0 = Debug|HPC-3000 (ARMV4I)
		{D4D58F68-1C99-44BE-9745-465153E103EB}.Debug|HPC-3000 (ARMV4I).Deploy.0 = Debug|HPC-3000 (ARMV4I)
		{D4D58F68-1C99-44BE-9745-465153E103EB}.Release|HPC-3000 (ARMV4I).ActiveCfg = Release|HPC-3000 (ARMV4I)
		{D4D58F68-1C99-44BE-9745-465153E103EB}.Release|HPC-3000 (ARMV4I).Build.0 = Release|HPC-3000 (ARMV4I)
		{D4D58F68-1C99-44BE-9745-465153E103EB}.Release|HPC-3000 (ARMV4I).Deploy.0 = Release|HPC-3000 (ARMV4I)
		{4F8A2812-B789-42AB-A374-B74D47C454E2}.Debug|HPC-3000 (ARMV4I).ActiveCfg = Debug|HPC-3000 (ARMV4I)
		{4F8A2812-B789-42AB-A374-B74D47C454E2}.Debug|HPC-3000 (ARMV4I).Build.0 = Debug|HPC-3000 (ARMV4I)
		{4F8A2812-B789-42AB-A374-B74D47C454E2}.Debug|HPC-3000 (ARMV4I).Deploy.0 = Debug|HPC-3000 (ARMV4I)
		{4F8A2812-B789-42AB-A374-B74D47C454E2}.Release|HPC-3000 (ARMV4I).ActiveCfg = Release|HPC-3000 (ARMV4I)
		{4F8A2812-B789-42AB-A374-B74D47C454E2}.Release|HPC-3000 (ARMV4I).Build.0 = Release|HPC-3000 (ARMV4I)
		{4F8A2812-B789-42AB-A374-B74D47C454E2}.Release|HPC-3000 (ARMV4I).Deploy.0 = Release|HPC-3000 (ARMV4I)
	EndGlobalSection
	GlobalSection(SolutionProperties) = preSolution
		HideSolutionNode = FALSE
	EndGlobalSection
EndGlobal
