
Microsoft Visual Studio Solution File, Format Version 11.00
# Visual Studio 2010
Project("{FAE04EC0-301F-11D3-BF4B-00C04F79EFBC}") = "Ralid.OpenCard.OpenCardService", "Ralid.OpenCard.OpenCardService\Ralid.OpenCard.OpenCardService.csproj", "{395FC1D8-17EA-4CBC-9A6D-B81E91D56BFF}"
EndProject
Project("{FAE04EC0-301F-11D3-BF4B-00C04F79EFBC}") = "Ralid.OpenCard.UI", "Ralid.OpenCard.UI\Ralid.OpenCard.UI.csproj", "{C819595C-C5CC-4E99-B80A-1D771F4BB751}"
EndProject
Project("{FAE04EC0-301F-11D3-BF4B-00C04F79EFBC}") = "YCTTest", "YCTTest\YCTTest.csproj", "{E37F7C02-070F-47D5-A26D-36AA2107C8CA}"
EndProject
Project("{2150E333-8FDC-42A3-9474-1A3956D46DE8}") = ".nuget", ".nuget", "{783EDD43-9027-4361-84B1-16016352BF48}"
	ProjectSection(SolutionItems) = preProject
		.nuget\NuGet.Config = .nuget\NuGet.Config
		.nuget\NuGet.exe = .nuget\NuGet.exe
		.nuget\NuGet.targets = .nuget\NuGet.targets
	EndProjectSection
EndProject
Project("{FAE04EC0-301F-11D3-BF4B-00C04F79EFBC}") = "YCTFtpTool", "YCTFtpTool\YCTFtpTool.csproj", "{0904F4B6-BF0A-4F54-8A2F-4E5604EB5358}"
EndProject
Project("{54435603-DBB4-11D2-8724-00A0C9A8B90C}") = "OpenCardSetup", "OpenCardSetup\OpenCardSetup.vdproj", "{F9775EE7-E72B-413A-A0EC-8A3A3B26F1A9}"
EndProject
Project("{FAE04EC0-301F-11D3-BF4B-00C04F79EFBC}") = "YCTTest1", "YCTTest1\YCTTest1.csproj", "{43DFEA82-A1ED-41C3-9036-7C7E63F39BC4}"
EndProject
Project("{54435603-DBB4-11D2-8724-00A0C9A8B90C}") = "FTPToolSetup", "FTPToolSetup\FTPToolSetup.vdproj", "{19DA0C62-23E0-49AF-9221-6A9BB74DC073}"
EndProject
Project("{FAE04EC0-301F-11D3-BF4B-00C04F79EFBC}") = "LR280Test", "LR280Test\LR280Test.csproj", "{4CAA6EFD-69B0-4EE6-96DC-FCFDD8216BAD}"
EndProject
Global
	GlobalSection(SolutionConfigurationPlatforms) = preSolution
		Debug|Any CPU = Debug|Any CPU
		Debug|Mixed Platforms = Debug|Mixed Platforms
		Debug|x86 = Debug|x86
		Release|Any CPU = Release|Any CPU
		Release|Mixed Platforms = Release|Mixed Platforms
		Release|x86 = Release|x86
	EndGlobalSection
	GlobalSection(ProjectConfigurationPlatforms) = postSolution
		{395FC1D8-17EA-4CBC-9A6D-B81E91D56BFF}.Debug|Any CPU.ActiveCfg = Debug|Any CPU
		{395FC1D8-17EA-4CBC-9A6D-B81E91D56BFF}.Debug|Any CPU.Build.0 = Debug|Any CPU
		{395FC1D8-17EA-4CBC-9A6D-B81E91D56BFF}.Debug|Mixed Platforms.ActiveCfg = Debug|x86
		{395FC1D8-17EA-4CBC-9A6D-B81E91D56BFF}.Debug|Mixed Platforms.Build.0 = Debug|x86
		{395FC1D8-17EA-4CBC-9A6D-B81E91D56BFF}.Debug|x86.ActiveCfg = Debug|Any CPU
		{395FC1D8-17EA-4CBC-9A6D-B81E91D56BFF}.Release|Any CPU.ActiveCfg = Release|Any CPU
		{395FC1D8-17EA-4CBC-9A6D-B81E91D56BFF}.Release|Any CPU.Build.0 = Release|Any CPU
		{395FC1D8-17EA-4CBC-9A6D-B81E91D56BFF}.Release|Mixed Platforms.ActiveCfg = Release|Any CPU
		{395FC1D8-17EA-4CBC-9A6D-B81E91D56BFF}.Release|Mixed Platforms.Build.0 = Release|Any CPU
		{395FC1D8-17EA-4CBC-9A6D-B81E91D56BFF}.Release|x86.ActiveCfg = Release|Any CPU
		{C819595C-C5CC-4E99-B80A-1D771F4BB751}.Debug|Any CPU.ActiveCfg = Debug|x86
		{C819595C-C5CC-4E99-B80A-1D771F4BB751}.Debug|Mixed Platforms.ActiveCfg = Debug|x86
		{C819595C-C5CC-4E99-B80A-1D771F4BB751}.Debug|Mixed Platforms.Build.0 = Debug|x86
		{C819595C-C5CC-4E99-B80A-1D771F4BB751}.Debug|x86.ActiveCfg = Debug|x86
		{C819595C-C5CC-4E99-B80A-1D771F4BB751}.Debug|x86.Build.0 = Debug|x86
		{C819595C-C5CC-4E99-B80A-1D771F4BB751}.Release|Any CPU.ActiveCfg = Release|x86
		{C819595C-C5CC-4E99-B80A-1D771F4BB751}.Release|Mixed Platforms.ActiveCfg = Release|x86
		{C819595C-C5CC-4E99-B80A-1D771F4BB751}.Release|Mixed Platforms.Build.0 = Release|x86
		{C819595C-C5CC-4E99-B80A-1D771F4BB751}.Release|x86.ActiveCfg = Release|x86
		{C819595C-C5CC-4E99-B80A-1D771F4BB751}.Release|x86.Build.0 = Release|x86
		{E37F7C02-070F-47D5-A26D-36AA2107C8CA}.Debug|Any CPU.ActiveCfg = Debug|Any CPU
		{E37F7C02-070F-47D5-A26D-36AA2107C8CA}.Debug|Any CPU.Build.0 = Debug|Any CPU
		{E37F7C02-070F-47D5-A26D-36AA2107C8CA}.Debug|Mixed Platforms.ActiveCfg = Debug|x86
		{E37F7C02-070F-47D5-A26D-36AA2107C8CA}.Debug|Mixed Platforms.Build.0 = Debug|x86
		{E37F7C02-070F-47D5-A26D-36AA2107C8CA}.Debug|x86.ActiveCfg = Debug|x86
		{E37F7C02-070F-47D5-A26D-36AA2107C8CA}.Debug|x86.Build.0 = Debug|x86
		{E37F7C02-070F-47D5-A26D-36AA2107C8CA}.Release|Any CPU.ActiveCfg = Release|Any CPU
		{E37F7C02-070F-47D5-A26D-36AA2107C8CA}.Release|Any CPU.Build.0 = Release|Any CPU
		{E37F7C02-070F-47D5-A26D-36AA2107C8CA}.Release|Mixed Platforms.ActiveCfg = Release|x86
		{E37F7C02-070F-47D5-A26D-36AA2107C8CA}.Release|Mixed Platforms.Build.0 = Release|x86
		{E37F7C02-070F-47D5-A26D-36AA2107C8CA}.Release|x86.ActiveCfg = Release|x86
		{E37F7C02-070F-47D5-A26D-36AA2107C8CA}.Release|x86.Build.0 = Release|x86
		{0904F4B6-BF0A-4F54-8A2F-4E5604EB5358}.Debug|Any CPU.ActiveCfg = Debug|x86
		{0904F4B6-BF0A-4F54-8A2F-4E5604EB5358}.Debug|Mixed Platforms.ActiveCfg = Debug|x86
		{0904F4B6-BF0A-4F54-8A2F-4E5604EB5358}.Debug|Mixed Platforms.Build.0 = Debug|x86
		{0904F4B6-BF0A-4F54-8A2F-4E5604EB5358}.Debug|x86.ActiveCfg = Debug|x86
		{0904F4B6-BF0A-4F54-8A2F-4E5604EB5358}.Debug|x86.Build.0 = Debug|x86
		{0904F4B6-BF0A-4F54-8A2F-4E5604EB5358}.Release|Any CPU.ActiveCfg = Release|x86
		{0904F4B6-BF0A-4F54-8A2F-4E5604EB5358}.Release|Mixed Platforms.ActiveCfg = Release|x86
		{0904F4B6-BF0A-4F54-8A2F-4E5604EB5358}.Release|Mixed Platforms.Build.0 = Release|x86
		{0904F4B6-BF0A-4F54-8A2F-4E5604EB5358}.Release|x86.ActiveCfg = Release|x86
		{0904F4B6-BF0A-4F54-8A2F-4E5604EB5358}.Release|x86.Build.0 = Release|x86
		{F9775EE7-E72B-413A-A0EC-8A3A3B26F1A9}.Debug|Any CPU.ActiveCfg = Debug
		{F9775EE7-E72B-413A-A0EC-8A3A3B26F1A9}.Debug|Mixed Platforms.ActiveCfg = Debug
		{F9775EE7-E72B-413A-A0EC-8A3A3B26F1A9}.Debug|x86.ActiveCfg = Debug
		{F9775EE7-E72B-413A-A0EC-8A3A3B26F1A9}.Release|Any CPU.ActiveCfg = Release
		{F9775EE7-E72B-413A-A0EC-8A3A3B26F1A9}.Release|Mixed Platforms.ActiveCfg = Release
		{F9775EE7-E72B-413A-A0EC-8A3A3B26F1A9}.Release|x86.ActiveCfg = Release
		{43DFEA82-A1ED-41C3-9036-7C7E63F39BC4}.Debug|Any CPU.ActiveCfg = Debug|Any CPU
		{43DFEA82-A1ED-41C3-9036-7C7E63F39BC4}.Debug|Any CPU.Build.0 = Debug|Any CPU
		{43DFEA82-A1ED-41C3-9036-7C7E63F39BC4}.Debug|Mixed Platforms.ActiveCfg = Debug|x86
		{43DFEA82-A1ED-41C3-9036-7C7E63F39BC4}.Debug|Mixed Platforms.Build.0 = Debug|x86
		{43DFEA82-A1ED-41C3-9036-7C7E63F39BC4}.Debug|x86.ActiveCfg = Debug|x86
		{43DFEA82-A1ED-41C3-9036-7C7E63F39BC4}.Debug|x86.Build.0 = Debug|x86
		{43DFEA82-A1ED-41C3-9036-7C7E63F39BC4}.Release|Any CPU.ActiveCfg = Release|Any CPU
		{43DFEA82-A1ED-41C3-9036-7C7E63F39BC4}.Release|Any CPU.Build.0 = Release|Any CPU
		{43DFEA82-A1ED-41C3-9036-7C7E63F39BC4}.Release|Mixed Platforms.ActiveCfg = Release|x86
		{43DFEA82-A1ED-41C3-9036-7C7E63F39BC4}.Release|Mixed Platforms.Build.0 = Release|x86
		{43DFEA82-A1ED-41C3-9036-7C7E63F39BC4}.Release|x86.ActiveCfg = Release|x86
		{43DFEA82-A1ED-41C3-9036-7C7E63F39BC4}.Release|x86.Build.0 = Release|x86
		{19DA0C62-23E0-49AF-9221-6A9BB74DC073}.Debug|Any CPU.ActiveCfg = Debug
		{19DA0C62-23E0-49AF-9221-6A9BB74DC073}.Debug|Mixed Platforms.ActiveCfg = Debug
		{19DA0C62-23E0-49AF-9221-6A9BB74DC073}.Debug|x86.ActiveCfg = Debug
		{19DA0C62-23E0-49AF-9221-6A9BB74DC073}.Release|Any CPU.ActiveCfg = Release
		{19DA0C62-23E0-49AF-9221-6A9BB74DC073}.Release|Mixed Platforms.ActiveCfg = Release
		{19DA0C62-23E0-49AF-9221-6A9BB74DC073}.Release|x86.ActiveCfg = Release
		{4CAA6EFD-69B0-4EE6-96DC-FCFDD8216BAD}.Debug|Any CPU.ActiveCfg = Debug|x86
		{4CAA6EFD-69B0-4EE6-96DC-FCFDD8216BAD}.Debug|Mixed Platforms.ActiveCfg = Debug|x86
		{4CAA6EFD-69B0-4EE6-96DC-FCFDD8216BAD}.Debug|Mixed Platforms.Build.0 = Debug|x86
		{4CAA6EFD-69B0-4EE6-96DC-FCFDD8216BAD}.Debug|x86.ActiveCfg = Debug|x86
		{4CAA6EFD-69B0-4EE6-96DC-FCFDD8216BAD}.Debug|x86.Build.0 = Debug|x86
		{4CAA6EFD-69B0-4EE6-96DC-FCFDD8216BAD}.Release|Any CPU.ActiveCfg = Release|x86
		{4CAA6EFD-69B0-4EE6-96DC-FCFDD8216BAD}.Release|Mixed Platforms.ActiveCfg = Release|x86
		{4CAA6EFD-69B0-4EE6-96DC-FCFDD8216BAD}.Release|Mixed Platforms.Build.0 = Release|x86
		{4CAA6EFD-69B0-4EE6-96DC-FCFDD8216BAD}.Release|x86.ActiveCfg = Release|x86
		{4CAA6EFD-69B0-4EE6-96DC-FCFDD8216BAD}.Release|x86.Build.0 = Release|x86
	EndGlobalSection
	GlobalSection(SolutionProperties) = preSolution
		HideSolutionNode = FALSE
	EndGlobalSection
EndGlobal
