
Microsoft Visual Studio Solution File, Format Version 9.00
# Visual Studio 2005
Project("{8BC9CEB8-8B4A-11D0-8D11-00A0C91BC942}") = "EM1300ScanDemo", "EM1300ScanDemo.vcproj", "{DF8E4082-9893-421A-8D86-AF5B470721F9}"
EndProject
Project("{8BC9CEB8-8B4A-11D0-8D11-00A0C91BC942}") = "EM3070DLL", "..\EM3070DLL\EM3070DLL.vcproj", "{164A24F7-A66E-472E-A58D-B72EDCAE4ABC}"
EndProject
Global
	GlobalSection(SolutionConfigurationPlatforms) = preSolution
		Debug|epcARM270LP (ARMV4I) = Debug|epcARM270LP (ARMV4I)
		Debug|HPC-3000 (ARMV4I) = Debug|HPC-3000 (ARMV4I)
		Release|epcARM270LP (ARMV4I) = Release|epcARM270LP (ARMV4I)
		Release|HPC-3000 (ARMV4I) = Release|HPC-3000 (ARMV4I)
	EndGlobalSection
	GlobalSection(ProjectConfigurationPlatforms) = postSolution
		{DF8E4082-9893-421A-8D86-AF5B470721F9}.Debug|epcARM270LP (ARMV4I).ActiveCfg = Debug|HPC-3000 (ARMV4I)
		{DF8E4082-9893-421A-8D86-AF5B470721F9}.Debug|HPC-3000 (ARMV4I).ActiveCfg = Debug|HPC-3000 (ARMV4I)
		{DF8E4082-9893-421A-8D86-AF5B470721F9}.Debug|HPC-3000 (ARMV4I).Build.0 = Debug|HPC-3000 (ARMV4I)
		{DF8E4082-9893-421A-8D86-AF5B470721F9}.Debug|HPC-3000 (ARMV4I).Deploy.0 = Debug|HPC-3000 (ARMV4I)
		{DF8E4082-9893-421A-8D86-AF5B470721F9}.Release|epcARM270LP (ARMV4I).ActiveCfg = Release|HPC-3000 (ARMV4I)
		{DF8E4082-9893-421A-8D86-AF5B470721F9}.Release|HPC-3000 (ARMV4I).ActiveCfg = Release|HPC-3000 (ARMV4I)
		{DF8E4082-9893-421A-8D86-AF5B470721F9}.Release|HPC-3000 (ARMV4I).Build.0 = Release|HPC-3000 (ARMV4I)
		{DF8E4082-9893-421A-8D86-AF5B470721F9}.Release|HPC-3000 (ARMV4I).Deploy.0 = Release|HPC-3000 (ARMV4I)
		{164A24F7-A66E-472E-A58D-B72EDCAE4ABC}.Debug|epcARM270LP (ARMV4I).ActiveCfg = Debug|epcARM270LP (ARMV4I)
		{164A24F7-A66E-472E-A58D-B72EDCAE4ABC}.Debug|epcARM270LP (ARMV4I).Build.0 = Debug|epcARM270LP (ARMV4I)
		{164A24F7-A66E-472E-A58D-B72EDCAE4ABC}.Debug|epcARM270LP (ARMV4I).Deploy.0 = Debug|epcARM270LP (ARMV4I)
		{164A24F7-A66E-472E-A58D-B72EDCAE4ABC}.Debug|HPC-3000 (ARMV4I).ActiveCfg = Debug|HPC-3000 (ARMV4I)
		{164A24F7-A66E-472E-A58D-B72EDCAE4ABC}.Debug|HPC-3000 (ARMV4I).Build.0 = Debug|HPC-3000 (ARMV4I)
		{164A24F7-A66E-472E-A58D-B72EDCAE4ABC}.Debug|HPC-3000 (ARMV4I).Deploy.0 = Debug|HPC-3000 (ARMV4I)
		{164A24F7-A66E-472E-A58D-B72EDCAE4ABC}.Release|epcARM270LP (ARMV4I).ActiveCfg = Release|epcARM270LP (ARMV4I)
		{164A24F7-A66E-472E-A58D-B72EDCAE4ABC}.Release|epcARM270LP (ARMV4I).Build.0 = Release|epcARM270LP (ARMV4I)
		{164A24F7-A66E-472E-A58D-B72EDCAE4ABC}.Release|epcARM270LP (ARMV4I).Deploy.0 = Release|epcARM270LP (ARMV4I)
		{164A24F7-A66E-472E-A58D-B72EDCAE4ABC}.Release|HPC-3000 (ARMV4I).ActiveCfg = Release|HPC-3000 (ARMV4I)
		{164A24F7-A66E-472E-A58D-B72EDCAE4ABC}.Release|HPC-3000 (ARMV4I).Build.0 = Release|HPC-3000 (ARMV4I)
		{164A24F7-A66E-472E-A58D-B72EDCAE4ABC}.Release|HPC-3000 (ARMV4I).Deploy.0 = Release|HPC-3000 (ARMV4I)
	EndGlobalSection
	GlobalSection(SolutionProperties) = preSolution
		HideSolutionNode = FALSE
	EndGlobalSection
EndGlobal
