
Microsoft Visual Studio Solution File, Format Version 9.00
# Visual Studio 2005
Project("{8BC9CEB8-8B4A-11D0-8D11-00A0C91BC942}") = "BuzzerDemo", "BuzzerDemo\BuzzerDemo.vcproj", "{B3A25812-32E7-43D6-8A17-4E8EE6443BFF}"
EndProject
Global
	GlobalSection(SolutionConfigurationPlatforms) = preSolution
		Debug|HPC-3000 (ARMV4I) = Debug|HPC-3000 (ARMV4I)
		Release|HPC-3000 (ARMV4I) = Release|HPC-3000 (ARMV4I)
	EndGlobalSection
	GlobalSection(ProjectConfigurationPlatforms) = postSolution
		{B3A25812-32E7-43D6-8A17-4E8EE6443BFF}.Debug|HPC-3000 (ARMV4I).ActiveCfg = Debug|HPC-3000 (ARMV4I)
		{B3A25812-32E7-43D6-8A17-4E8EE6443BFF}.Debug|HPC-3000 (ARMV4I).Build.0 = Debug|HPC-3000 (ARMV4I)
		{B3A25812-32E7-43D6-8A17-4E8EE6443BFF}.Debug|HPC-3000 (ARMV4I).Deploy.0 = Debug|HPC-3000 (ARMV4I)
		{B3A25812-32E7-43D6-8A17-4E8EE6443BFF}.Release|HPC-3000 (ARMV4I).ActiveCfg = Release|HPC-3000 (ARMV4I)
		{B3A25812-32E7-43D6-8A17-4E8EE6443BFF}.Release|HPC-3000 (ARMV4I).Build.0 = Release|HPC-3000 (ARMV4I)
		{B3A25812-32E7-43D6-8A17-4E8EE6443BFF}.Release|HPC-3000 (ARMV4I).Deploy.0 = Release|HPC-3000 (ARMV4I)
	EndGlobalSection
	GlobalSection(SolutionProperties) = preSolution
		HideSolutionNode = FALSE
	EndGlobalSection
EndGlobal
