
Microsoft Visual Studio Solution File, Format Version 10.00
# Visual Studio 2008
Project("{8BC9CEB8-8B4A-11D0-8D11-00A0C91BC942}") = "WifiDemo", "WifiDemo.vcproj", "{3296B0FC-2243-4135-90A0-79368B31D5F4}"
EndProject
Global
	GlobalSection(SolutionConfigurationPlatforms) = preSolution
		Debug|HPC-3000 (ARMV4I) = Debug|HPC-3000 (ARMV4I)
		Release|HPC-3000 (ARMV4I) = Release|HPC-3000 (ARMV4I)
	EndGlobalSection
	GlobalSection(ProjectConfigurationPlatforms) = postSolution
		{3296B0FC-2243-4135-90A0-79368B31D5F4}.Debug|HPC-3000 (ARMV4I).ActiveCfg = Debug|HPC-3000 (ARMV4I)
		{3296B0FC-2243-4135-90A0-79368B31D5F4}.Debug|HPC-3000 (ARMV4I).Build.0 = Debug|HPC-3000 (ARMV4I)
		{3296B0FC-2243-4135-90A0-79368B31D5F4}.Debug|HPC-3000 (ARMV4I).Deploy.0 = Debug|HPC-3000 (ARMV4I)
		{3296B0FC-2243-4135-90A0-79368B31D5F4}.Release|HPC-3000 (ARMV4I).ActiveCfg = Release|HPC-3000 (ARMV4I)
		{3296B0FC-2243-4135-90A0-79368B31D5F4}.Release|HPC-3000 (ARMV4I).Build.0 = Release|HPC-3000 (ARMV4I)
		{3296B0FC-2243-4135-90A0-79368B31D5F4}.Release|HPC-3000 (ARMV4I).Deploy.0 = Release|HPC-3000 (ARMV4I)
	EndGlobalSection
	GlobalSection(SolutionProperties) = preSolution
		HideSolutionNode = FALSE
	EndGlobalSection
EndGlobal
