
Microsoft Visual Studio Solution File, Format Version 10.00
# Visual Studio 2008
Project("{8BC9CEB8-8B4A-11D0-8D11-00A0C91BC942}") = "BlueToothS10", "BlueToothS10\BlueToothS10.vcproj", "{630C99D5-32A7-4013-86E9-C56861943DD9}"
EndProject
Project("{8BC9CEB8-8B4A-11D0-8D11-00A0C91BC942}") = "BlueToothS10Test", "BlueToothS10Test\BlueToothS10Test.vcproj", "{C7EEDA8A-AD75-4EAD-9751-16C0D810349C}"
EndProject
Project("{FAE04EC0-301F-11D3-BF4B-00C04F79EFBC}") = "BlueToothS10Test_CSharp", "BlueToothS10Test_CSharp\BlueToothS10Test_CSharp.csproj", "{BF6AF10C-0373-416F-9799-BACCD0F2FFD3}"
EndProject
Global
	GlobalSection(SolutionConfigurationPlatforms) = preSolution
		Debug|Any CPU = Debug|Any CPU
		Debug|epcARM270LP (ARMV4I) = Debug|epcARM270LP (ARMV4I)
		Debug|HPC-3000 (ARMV4I) = Debug|HPC-3000 (ARMV4I)
		Debug|Mixed Platforms = Debug|Mixed Platforms
		Release|Any CPU = Release|Any CPU
		Release|epcARM270LP (ARMV4I) = Release|epcARM270LP (ARMV4I)
		Release|HPC-3000 (ARMV4I) = Release|HPC-3000 (ARMV4I)
		Release|Mixed Platforms = Release|Mixed Platforms
	EndGlobalSection
	GlobalSection(ProjectConfigurationPlatforms) = postSolution
		{630C99D5-32A7-4013-86E9-C56861943DD9}.Debug|Any CPU.ActiveCfg = Debug|HPC-3000 (ARMV4I)
		{630C99D5-32A7-4013-86E9-C56861943DD9}.Debug|epcARM270LP (ARMV4I).ActiveCfg = Debug|HPC-3000 (ARMV4I)
		{630C99D5-32A7-4013-86E9-C56861943DD9}.Debug|epcARM270LP (ARMV4I).Deploy.0 = Debug|HPC-3000 (ARMV4I)
		{630C99D5-32A7-4013-86E9-C56861943DD9}.Debug|HPC-3000 (ARMV4I).ActiveCfg = Debug|HPC-3000 (ARMV4I)
		{630C99D5-32A7-4013-86E9-C56861943DD9}.Debug|HPC-3000 (ARMV4I).Build.0 = Debug|HPC-3000 (ARMV4I)
		{630C99D5-32A7-4013-86E9-C56861943DD9}.Debug|HPC-3000 (ARMV4I).Deploy.0 = Debug|HPC-3000 (ARMV4I)
		{630C99D5-32A7-4013-86E9-C56861943DD9}.Debug|Mixed Platforms.ActiveCfg = Debug|HPC-3000 (ARMV4I)
		{630C99D5-32A7-4013-86E9-C56861943DD9}.Debug|Mixed Platforms.Build.0 = Debug|HPC-3000 (ARMV4I)
		{630C99D5-32A7-4013-86E9-C56861943DD9}.Debug|Mixed Platforms.Deploy.0 = Debug|HPC-3000 (ARMV4I)
		{630C99D5-32A7-4013-86E9-C56861943DD9}.Release|Any CPU.ActiveCfg = Release|HPC-3000 (ARMV4I)
		{630C99D5-32A7-4013-86E9-C56861943DD9}.Release|epcARM270LP (ARMV4I).ActiveCfg = Release|HPC-3000 (ARMV4I)
		{630C99D5-32A7-4013-86E9-C56861943DD9}.Release|epcARM270LP (ARMV4I).Build.0 = Release|HPC-3000 (ARMV4I)
		{630C99D5-32A7-4013-86E9-C56861943DD9}.Release|epcARM270LP (ARMV4I).Deploy.0 = Release|HPC-3000 (ARMV4I)
		{630C99D5-32A7-4013-86E9-C56861943DD9}.Release|HPC-3000 (ARMV4I).ActiveCfg = Release|HPC-3000 (ARMV4I)
		{630C99D5-32A7-4013-86E9-C56861943DD9}.Release|HPC-3000 (ARMV4I).Build.0 = Release|HPC-3000 (ARMV4I)
		{630C99D5-32A7-4013-86E9-C56861943DD9}.Release|HPC-3000 (ARMV4I).Deploy.0 = Release|HPC-3000 (ARMV4I)
		{630C99D5-32A7-4013-86E9-C56861943DD9}.Release|Mixed Platforms.ActiveCfg = Release|HPC-3000 (ARMV4I)
		{630C99D5-32A7-4013-86E9-C56861943DD9}.Release|Mixed Platforms.Build.0 = Release|HPC-3000 (ARMV4I)
		{630C99D5-32A7-4013-86E9-C56861943DD9}.Release|Mixed Platforms.Deploy.0 = Release|HPC-3000 (ARMV4I)
		{C7EEDA8A-AD75-4EAD-9751-16C0D810349C}.Debug|Any CPU.ActiveCfg = Debug|HPC-3000 (ARMV4I)
		{C7EEDA8A-AD75-4EAD-9751-16C0D810349C}.Debug|epcARM270LP (ARMV4I).ActiveCfg = Debug|HPC-3000 (ARMV4I)
		{C7EEDA8A-AD75-4EAD-9751-16C0D810349C}.Debug|HPC-3000 (ARMV4I).ActiveCfg = Debug|HPC-3000 (ARMV4I)
		{C7EEDA8A-AD75-4EAD-9751-16C0D810349C}.Debug|HPC-3000 (ARMV4I).Build.0 = Debug|HPC-3000 (ARMV4I)
		{C7EEDA8A-AD75-4EAD-9751-16C0D810349C}.Debug|HPC-3000 (ARMV4I).Deploy.0 = Debug|HPC-3000 (ARMV4I)
		{C7EEDA8A-AD75-4EAD-9751-16C0D810349C}.Debug|Mixed Platforms.ActiveCfg = Debug|HPC-3000 (ARMV4I)
		{C7EEDA8A-AD75-4EAD-9751-16C0D810349C}.Debug|Mixed Platforms.Build.0 = Debug|HPC-3000 (ARMV4I)
		{C7EEDA8A-AD75-4EAD-9751-16C0D810349C}.Debug|Mixed Platforms.Deploy.0 = Debug|HPC-3000 (ARMV4I)
		{C7EEDA8A-AD75-4EAD-9751-16C0D810349C}.Release|Any CPU.ActiveCfg = Release|HPC-3000 (ARMV4I)
		{C7EEDA8A-AD75-4EAD-9751-16C0D810349C}.Release|epcARM270LP (ARMV4I).ActiveCfg = Release|HPC-3000 (ARMV4I)
		{C7EEDA8A-AD75-4EAD-9751-16C0D810349C}.Release|HPC-3000 (ARMV4I).ActiveCfg = Release|HPC-3000 (ARMV4I)
		{C7EEDA8A-AD75-4EAD-9751-16C0D810349C}.Release|HPC-3000 (ARMV4I).Build.0 = Release|HPC-3000 (ARMV4I)
		{C7EEDA8A-AD75-4EAD-9751-16C0D810349C}.Release|HPC-3000 (ARMV4I).Deploy.0 = Release|HPC-3000 (ARMV4I)
		{C7EEDA8A-AD75-4EAD-9751-16C0D810349C}.Release|Mixed Platforms.ActiveCfg = Release|HPC-3000 (ARMV4I)
		{C7EEDA8A-AD75-4EAD-9751-16C0D810349C}.Release|Mixed Platforms.Build.0 = Release|HPC-3000 (ARMV4I)
		{C7EEDA8A-AD75-4EAD-9751-16C0D810349C}.Release|Mixed Platforms.Deploy.0 = Release|HPC-3000 (ARMV4I)
		{BF6AF10C-0373-416F-9799-BACCD0F2FFD3}.Debug|Any CPU.ActiveCfg = Debug|Any CPU
		{BF6AF10C-0373-416F-9799-BACCD0F2FFD3}.Debug|Any CPU.Build.0 = Debug|Any CPU
		{BF6AF10C-0373-416F-9799-BACCD0F2FFD3}.Debug|Any CPU.Deploy.0 = Debug|Any CPU
		{BF6AF10C-0373-416F-9799-BACCD0F2FFD3}.Debug|epcARM270LP (ARMV4I).ActiveCfg = Debug|Any CPU
		{BF6AF10C-0373-416F-9799-BACCD0F2FFD3}.Debug|HPC-3000 (ARMV4I).ActiveCfg = Debug|Any CPU
		{BF6AF10C-0373-416F-9799-BACCD0F2FFD3}.Debug|Mixed Platforms.ActiveCfg = Debug|Any CPU
		{BF6AF10C-0373-416F-9799-BACCD0F2FFD3}.Debug|Mixed Platforms.Build.0 = Debug|Any CPU
		{BF6AF10C-0373-416F-9799-BACCD0F2FFD3}.Debug|Mixed Platforms.Deploy.0 = Debug|Any CPU
		{BF6AF10C-0373-416F-9799-BACCD0F2FFD3}.Release|Any CPU.ActiveCfg = Release|Any CPU
		{BF6AF10C-0373-416F-9799-BACCD0F2FFD3}.Release|Any CPU.Build.0 = Release|Any CPU
		{BF6AF10C-0373-416F-9799-BACCD0F2FFD3}.Release|Any CPU.Deploy.0 = Release|Any CPU
		{BF6AF10C-0373-416F-9799-BACCD0F2FFD3}.Release|epcARM270LP (ARMV4I).ActiveCfg = Release|Any CPU
		{BF6AF10C-0373-416F-9799-BACCD0F2FFD3}.Release|HPC-3000 (ARMV4I).ActiveCfg = Release|Any CPU
		{BF6AF10C-0373-416F-9799-BACCD0F2FFD3}.Release|Mixed Platforms.ActiveCfg = Release|Any CPU
		{BF6AF10C-0373-416F-9799-BACCD0F2FFD3}.Release|Mixed Platforms.Build.0 = Release|Any CPU
		{BF6AF10C-0373-416F-9799-BACCD0F2FFD3}.Release|Mixed Platforms.Deploy.0 = Release|Any CPU
	EndGlobalSection
	GlobalSection(SolutionProperties) = preSolution
		HideSolutionNode = FALSE
	EndGlobalSection
EndGlobal
