
Microsoft Visual Studio Solution File, Format Version 9.00
# Visual Studio 2005
Project("{8BC9CEB8-8B4A-11D0-8D11-00A0C91BC942}") = "DL-T645-DLL-DEMO", "DL-T645-DLL-DEMO\DL-T645-DLL-DEMO.vcproj", "{4F8A2812-B789-42AB-A374-B74D47C454E2}"
EndProject
Project("{8BC9CEB8-8B4A-11D0-8D11-00A0C91BC942}") = "DLT645", "..\DLT645 V1.02-0\DLT645\DLT645.vcproj", "{7F25CFF2-F8BC-44A6-B365-BD20AC60BCF3}"
EndProject
Global
	GlobalSection(SolutionConfigurationPlatforms) = preSolution
		Debug|EPCM_8960 (ARMV4I) = Debug|EPCM_8960 (ARMV4I)
		Debug|HPC-3000 (ARMV4I) = Debug|HPC-3000 (ARMV4I)
		Release|EPCM_8960 (ARMV4I) = Release|EPCM_8960 (ARMV4I)
		Release|HPC-3000 (ARMV4I) = Release|HPC-3000 (ARMV4I)
	EndGlobalSection
	GlobalSection(ProjectConfigurationPlatforms) = postSolution
		{4F8A2812-B789-42AB-A374-B74D47C454E2}.Debug|EPCM_8960 (ARMV4I).ActiveCfg = Debug|EPCM_8960 (ARMV4I)
		{4F8A2812-B789-42AB-A374-B74D47C454E2}.Debug|EPCM_8960 (ARMV4I).Build.0 = Debug|EPCM_8960 (ARMV4I)
		{4F8A2812-B789-42AB-A374-B74D47C454E2}.Debug|EPCM_8960 (ARMV4I).Deploy.0 = Debug|EPCM_8960 (ARMV4I)
		{4F8A2812-B789-42AB-A374-B74D47C454E2}.Debug|HPC-3000 (ARMV4I).ActiveCfg = Debug|HPC-3000 (ARMV4I)
		{4F8A2812-B789-42AB-A374-B74D47C454E2}.Debug|HPC-3000 (ARMV4I).Build.0 = Debug|HPC-3000 (ARMV4I)
		{4F8A2812-B789-42AB-A374-B74D47C454E2}.Debug|HPC-3000 (ARMV4I).Deploy.0 = Debug|HPC-3000 (ARMV4I)
		{4F8A2812-B789-42AB-A374-B74D47C454E2}.Release|EPCM_8960 (ARMV4I).ActiveCfg = Release|EPCM_8960 (ARMV4I)
		{4F8A2812-B789-42AB-A374-B74D47C454E2}.Release|EPCM_8960 (ARMV4I).Build.0 = Release|EPCM_8960 (ARMV4I)
		{4F8A2812-B789-42AB-A374-B74D47C454E2}.Release|EPCM_8960 (ARMV4I).Deploy.0 = Release|EPCM_8960 (ARMV4I)
		{4F8A2812-B789-42AB-A374-B74D47C454E2}.Release|HPC-3000 (ARMV4I).ActiveCfg = Release|HPC-3000 (ARMV4I)
		{4F8A2812-B789-42AB-A374-B74D47C454E2}.Release|HPC-3000 (ARMV4I).Build.0 = Release|HPC-3000 (ARMV4I)
		{4F8A2812-B789-42AB-A374-B74D47C454E2}.Release|HPC-3000 (ARMV4I).Deploy.0 = Release|HPC-3000 (ARMV4I)
		{7F25CFF2-F8BC-44A6-B365-BD20AC60BCF3}.Debug|EPCM_8960 (ARMV4I).ActiveCfg = Debug|EPCM_8960 (ARMV4I)
		{7F25CFF2-F8BC-44A6-B365-BD20AC60BCF3}.Debug|EPCM_8960 (ARMV4I).Build.0 = Debug|EPCM_8960 (ARMV4I)
		{7F25CFF2-F8BC-44A6-B365-BD20AC60BCF3}.Debug|EPCM_8960 (ARMV4I).Deploy.0 = Debug|EPCM_8960 (ARMV4I)
		{7F25CFF2-F8BC-44A6-B365-BD20AC60BCF3}.Debug|HPC-3000 (ARMV4I).ActiveCfg = Debug|EPCM_8960 (ARMV4I)
		{7F25CFF2-F8BC-44A6-B365-BD20AC60BCF3}.Release|EPCM_8960 (ARMV4I).ActiveCfg = Release|EPCM_8960 (ARMV4I)
		{7F25CFF2-F8BC-44A6-B365-BD20AC60BCF3}.Release|EPCM_8960 (ARMV4I).Build.0 = Release|EPCM_8960 (ARMV4I)
		{7F25CFF2-F8BC-44A6-B365-BD20AC60BCF3}.Release|EPCM_8960 (ARMV4I).Deploy.0 = Release|EPCM_8960 (ARMV4I)
		{7F25CFF2-F8BC-44A6-B365-BD20AC60BCF3}.Release|HPC-3000 (ARMV4I).ActiveCfg = Release|EPCM_8960 (ARMV4I)
	EndGlobalSection
	GlobalSection(SolutionProperties) = preSolution
		HideSolutionNode = FALSE
	EndGlobalSection
EndGlobal
